{
  "pins" : [
    {
      "identity" : "snapkit",
      "kind" : "remoteSourceControl",
      "location" : "https://github.com/SnapKit/SnapKit",
      "state" : {
        "branch" : "develop",
        "revision" : "07c5d1f6044701d97e94dc11157259e8811977be"
      }
    },
    {
      "identity" : "swiftycolor",
      "kind" : "remoteSourceControl",
      "location" : "https://github.com/devxoul/SwiftyColor",
      "state" : {
        "revision" : "4b169b77446ef1d9878b162a0a38258f7563ed5b",
        "version" : "1.2.1"
      }
    }
  ],
  "version" : 2
}
